
Microsoft Visual Studio Solution File, Format Version 12.00
# Visual Studio Version 16
VisualStudioVersion = 16.0.28922.388
MinimumVisualStudioVersion = 10.0.40219.1
Project("{FAE04EC0-301F-11D3-BF4B-00C04F79EFBC}") = "CodeSnippets", "CodeSnippets\CodeSnippets.csproj", "{58C1BA95-DEBC-47DA-9BFA-66BC5379FA80}"
EndProject
Global
	GlobalSection(SolutionConfigurationPlatforms) = preSolution
		Debug|Any CPU = Debug|Any CPU
		Release|Any CPU = Release|Any CPU
	EndGlobalSection
	GlobalSection(ProjectConfigurationPlatforms) = postSolution
		{58C1BA95-DEBC-47DA-9BFA-66BC5379FA80}.Debug|Any CPU.ActiveCfg = Debug|Any CPU
		{58C1BA95-DEBC-47DA-9BFA-66BC5379FA80}.Debug|Any CPU.Build.0 = Debug|Any CPU
		{58C1BA95-DEBC-47DA-9BFA-66BC5379FA80}.Release|Any CPU.ActiveCfg = Release|Any CPU
		{58C1BA95-DEBC-47DA-9BFA-66BC5379FA80}.Release|Any CPU.Build.0 = Release|Any CPU
	EndGlobalSection
	GlobalSection(SolutionProperties) = preSolution
		HideSolutionNode = FALSE
	EndGlobalSection
	GlobalSection(ExtensibilityGlobals) = postSolution
		SolutionGuid = {A21BB778-F1A9-42E0-9BB8-3C22BB4809F3}
	EndGlobalSection
EndGlobal
